
Microsoft Visual Studio Solution File, Format Version 12.00
# Visual Studio Version 17
VisualStudioVersion = 17.5.33424.131
MinimumVisualStudioVersion = 10.0.40219.1
Project("{9A19103F-16F7-4668-BE54-9A1E7A4F7556}") = "Projet ABPP", "Projet ABPP\Projet ABPP.csproj", "{54C59AEF-D6F3-42FE-B1DF-E3FE460B06D0}"
EndProject
Project("{FAE04EC0-301F-11D3-BF4B-00C04F79EFBC}") = "Projet ABPP bis", "Projet ABPP bis\Projet ABPP bis.csproj", "{A490972D-B782-4798-878C-DEDED08BD395}"
EndProject
Global
	GlobalSection(SolutionConfigurationPlatforms) = preSolution
		Debug|Any CPU = Debug|Any CPU
		Release|Any CPU = Release|Any CPU
	EndGlobalSection
	GlobalSection(ProjectConfigurationPlatforms) = postSolution
		{54C59AEF-D6F3-42FE-B1DF-E3FE460B06D0}.Debug|Any CPU.ActiveCfg = Debug|Any CPU
		{54C59AEF-D6F3-42FE-B1DF-E3FE460B06D0}.Debug|Any CPU.Build.0 = Debug|Any CPU
		{54C59AEF-D6F3-42FE-B1DF-E3FE460B06D0}.Release|Any CPU.ActiveCfg = Release|Any CPU
		{54C59AEF-D6F3-42FE-B1DF-E3FE460B06D0}.Release|Any CPU.Build.0 = Release|Any CPU
		{A490972D-B782-4798-878C-DEDED08BD395}.Debug|Any CPU.ActiveCfg = Debug|Any CPU
		{A490972D-B782-4798-878C-DEDED08BD395}.Debug|Any CPU.Build.0 = Debug|Any CPU
		{A490972D-B782-4798-878C-DEDED08BD395}.Release|Any CPU.ActiveCfg = Release|Any CPU
		{A490972D-B782-4798-878C-DEDED08BD395}.Release|Any CPU.Build.0 = Release|Any CPU
	EndGlobalSection
	GlobalSection(SolutionProperties) = preSolution
		HideSolutionNode = FALSE
	EndGlobalSection
	GlobalSection(ExtensibilityGlobals) = postSolution
		SolutionGuid = {A15B286F-613E-47B0-AA7E-40FACCD93231}
	EndGlobalSection
EndGlobal
